// !$*UTF8*$!
{
	archiveVersion = 1;
	classes = {
	};
	objectVersion = 46;
	objects = {

/* Begin PBXBuildFile section */
		59173D8D1CF58A0B007965F9 /* LTSegmentedControl.m in Sources */ = {isa = PBXBuildFile; fileRef = 59173D8C1CF58A0B007965F9 /* LTSegmentedControl.m */; };
		597FFC231C23E02600F4BB28 /* Main.storyboard in Resources */ = {isa = PBXBuildFile; fileRef = 597FFC211C23E02600F4BB28 /* Main.storyboard */; };
		59A92BB51C23DA4E000B08C9 /* main.m in Sources */ = {isa = PBXBuildFile; fileRef = 59A92BB41C23DA4E000B08C9 /* main.m */; };
		59A92BB81C23DA4E000B08C9 /* AppDelegate.m in Sources */ = {isa = PBXBuildFile; fileRef = 59A92BB71C23DA4E000B08C9 /* AppDelegate.m */; };
		59A92BBB1C23DA4F000B08C9 /* ViewController.m in Sources */ = {isa = PBXBuildFile; fileRef = 59A92BBA1C23DA4F000B08C9 /* ViewController.m */; };
		59A92BC01C23DA4F000B08C9 /* Assets.xcassets in Resources */ = {isa = PBXBuildFile; fileRef = 59A92BBF1C23DA4F000B08C9 /* Assets.xcassets */; };
		59A92BC31C23DA4F000B08C9 /* LaunchScreen.storyboard in Resources */ = {isa = PBXBuildFile; fileRef = 59A92BC11C23DA4F000B08C9 /* LaunchScreen.storyboard */; };
		59A92BCE1C23DA4F000B08C9 /* LTSegmentControlTests.m in Sources */ = {isa = PBXBuildFile; fileRef = 59A92BCD1C23DA4F000B08C9 /* LTSegmentControlTests.m */; };
		59A92BD91C23DA4F000B08C9 /* LTSegmentControlUITests.m in Sources */ = {isa = PBXBuildFile; fileRef = 59A92BD81C23DA4F000B08C9 /* LTSegmentControlUITests.m */; };
/* End PBXBuildFile section */

/* Begin PBXContainerItemProxy section */
		59A92BCA1C23DA4F000B08C9 /* PBXContainerItemProxy */ = {
			isa = PBXContainerItemProxy;
			containerPortal = 59A92BA81C23DA4E000B08C9 /* Project object */;
			proxyType = 1;
			remoteGlobalIDString = 59A92BAF1C23DA4E000B08C9;
			remoteInfo = LTSegmentControl;
		};
		59A92BD51C23DA4F000B08C9 /* PBXContainerItemProxy */ = {
			isa = PBXContainerItemProxy;
			containerPortal = 59A92BA81C23DA4E000B08C9 /* Project object */;
			proxyType = 1;
			remoteGlobalIDString = 59A92BAF1C23DA4E000B08C9;
			remoteInfo = LTSegmentControl;
		};
/* End PBXContainerItemProxy section */

/* Begin PBXFileReference section */
		59173D8B1CF58A0B007965F9 /* LTSegmentedControl.h */ = {isa = PBXFileReference; fileEncoding = 4; lastKnownFileType = sourcecode.c.h; name = LTSegmentedControl.h; path = Classes/LTSegmentedControl.h; sourceTree = "<group>"; };
		59173D8C1CF58A0B007965F9 /* LTSegmentedControl.m */ = {isa = PBXFileReference; fileEncoding = 4; lastKnownFileType = sourcecode.c.objc; name = LTSegmentedControl.m; path = Classes/LTSegmentedControl.m; sourceTree = "<group>"; };
		597FFC221C23E02600F4BB28 /* Base */ = {isa = PBXFileReference; lastKnownFileType = file.storyboard; name = Base; path = Base.lproj/Main.storyboard; sourceTree = "<group>"; };
		59A92BB01C23DA4E000B08C9 /* LTSegmentControl.app */ = {isa = PBXFileReference; explicitFileType = wrapper.application; includeInIndex = 0; path = LTSegmentControl.app; sourceTree = BUILT_PRODUCTS_DIR; };
		59A92BB41C23DA4E000B08C9 /* main.m */ = {isa = PBXFileReference; lastKnownFileType = sourcecode.c.objc; path = main.m; sourceTree = "<group>"; };
		59A92BB61C23DA4E000B08C9 /* AppDelegate.h */ = {isa = PBXFileReference; lastKnownFileType = sourcecode.c.h; path = AppDelegate.h; sourceTree = "<group>"; };
		59A92BB71C23DA4E000B08C9 /* AppDelegate.m */ = {isa = PBXFileReference; lastKnownFileType = sourcecode.c.objc; path = AppDelegate.m; sourceTree = "<group>"; };
		59A92BB91C23DA4E000B08C9 /* ViewController.h */ = {isa = PBXFileReference; lastKnownFileType = sourcecode.c.h; path = ViewController.h; sourceTree = "<group>"; };
		59A92BBA1C23DA4F000B08C9 /* ViewController.m */ = {isa = PBXFileReference; lastKnownFileType = sourcecode.c.objc; path = ViewController.m; sourceTree = "<group>"; };
		59A92BBF1C23DA4F000B08C9 /* Assets.xcassets */ = {isa = PBXFileReference; lastKnownFileType = folder.assetcatalog; path = Assets.xcassets; sourceTree = "<group>"; };
		59A92BC21C23DA4F000B08C9 /* Base */ = {isa = PBXFileReference; lastKnownFileType = file.storyboard; name = Base; path = Base.lproj/LaunchScreen.storyboard; sourceTree = "<group>"; };
		59A92BC41C23DA4F000B08C9 /* Info.plist */ = {isa = PBXFileReference; lastKnownFileType = text.plist.xml; path = Info.plist; sourceTree = "<group>"; };
		59A92BC91C23DA4F000B08C9 /* LTSegmentControlTests.xctest */ = {isa = PBXFileReference; explicitFileType = wrapper.cfbundle; includeInIndex = 0; path = LTSegmentControlTests.xctest; sourceTree = BUILT_PRODUCTS_DIR; };
		59A92BCD1C23DA4F000B08C9 /* LTSegmentControlTests.m */ = {isa = PBXFileReference; lastKnownFileType = sourcecode.c.objc; path = LTSegmentControlTests.m; sourceTree = "<group>"; };
		59A92BCF1C23DA4F000B08C9 /* Info.plist */ = {isa = PBXFileReference; lastKnownFileType = text.plist.xml; path = Info.plist; sourceTree = "<group>"; };
		59A92BD41C23DA4F000B08C9 /* LTSegmentControlUITests.xctest */ = {isa = PBXFileReference; explicitFileType = wrapper.cfbundle; includeInIndex = 0; path = LTSegmentControlUITests.xctest; sourceTree = BUILT_PRODUCTS_DIR; };
		59A92BD81C23DA4F000B08C9 /* LTSegmentControlUITests.m */ = {isa = PBXFileReference; lastKnownFileType = sourcecode.c.objc; path = LTSegmentControlUITests.m; sourceTree = "<group>"; };
		59A92BDA1C23DA4F000B08C9 /* Info.plist */ = {isa = PBXFileReference; lastKnownFileType = text.plist.xml; path = Info.plist; sourceTree = "<group>"; };
/* End PBXFileReference section */

/* Begin PBXFrameworksBuildPhase section */
		59A92BAD1C23DA4E000B08C9 /* Frameworks */ = {
			isa = PBXFrameworksBuildPhase;
			buildActionMask = 2147483647;
			files = (
			);
			runOnlyForDeploymentPostprocessing = 0;
		};
		59A92BC61C23DA4F000B08C9 /* Frameworks */ = {
			isa = PBXFrameworksBuildPhase;
			buildActionMask = 2147483647;
			files = (
			);
			runOnlyForDeploymentPostprocessing = 0;
		};
		59A92BD11C23DA4F000B08C9 /* Frameworks */ = {
			isa = PBXFrameworksBuildPhase;
			buildActionMask = 2147483647;
			files = (
			);
			runOnlyForDeploymentPostprocessing = 0;
		};
/* End PBXFrameworksBuildPhase section */

/* Begin PBXGroup section */
		59A92BA71C23DA4E000B08C9 = {
			isa = PBXGroup;
			children = (
				59A92BE61C23DA60000B08C9 /* LTSegmentControl */,
				59A92BB21C23DA4E000B08C9 /* Demo */,
				59A92BCC1C23DA4F000B08C9 /* LTSegmentControlTests */,
				59A92BD71C23DA4F000B08C9 /* LTSegmentControlUITests */,
				59A92BB11C23DA4E000B08C9 /* Products */,
			);
			sourceTree = "<group>";
		};
		59A92BB11C23DA4E000B08C9 /* Products */ = {
			isa = PBXGroup;
			children = (
				59A92BB01C23DA4E000B08C9 /* LTSegmentControl.app */,
				59A92BC91C23DA4F000B08C9 /* LTSegmentControlTests.xctest */,
				59A92BD41C23DA4F000B08C9 /* LTSegmentControlUITests.xctest */,
			);
			name = Products;
			sourceTree = "<group>";
		};
		59A92BB21C23DA4E000B08C9 /* Demo */ = {
			isa = PBXGroup;
			children = (
				597FFC211C23E02600F4BB28 /* Main.storyboard */,
				59A92BB61C23DA4E000B08C9 /* AppDelegate.h */,
				59A92BB71C23DA4E000B08C9 /* AppDelegate.m */,
				59A92BB91C23DA4E000B08C9 /* ViewController.h */,
				59A92BBA1C23DA4F000B08C9 /* ViewController.m */,
				59A92BBF1C23DA4F000B08C9 /* Assets.xcassets */,
				59A92BC11C23DA4F000B08C9 /* LaunchScreen.storyboard */,
				59A92BC41C23DA4F000B08C9 /* Info.plist */,
				59A92BB31C23DA4E000B08C9 /* Supporting Files */,
			);
			name = Demo;
			path = LTSegmentControl;
			sourceTree = "<group>";
		};
		59A92BB31C23DA4E000B08C9 /* Supporting Files */ = {
			isa = PBXGroup;
			children = (
				59A92BB41C23DA4E000B08C9 /* main.m */,
			);
			name = "Supporting Files";
			sourceTree = "<group>";
		};
		59A92BCC1C23DA4F000B08C9 /* LTSegmentControlTests */ = {
			isa = PBXGroup;
			children = (
				59A92BCD1C23DA4F000B08C9 /* LTSegmentControlTests.m */,
				59A92BCF1C23DA4F000B08C9 /* Info.plist */,
			);
			path = LTSegmentControlTests;
			sourceTree = "<group>";
		};
		59A92BD71C23DA4F000B08C9 /* LTSegmentControlUITests */ = {
			isa = PBXGroup;
			children = (
				59A92BD81C23DA4F000B08C9 /* LTSegmentControlUITests.m */,
				59A92BDA1C23DA4F000B08C9 /* Info.plist */,
			);
			path = LTSegmentControlUITests;
			sourceTree = "<group>";
		};
		59A92BE61C23DA60000B08C9 /* LTSegmentControl */ = {
			isa = PBXGroup;
			children = (
				59173D8B1CF58A0B007965F9 /* LTSegmentedControl.h */,
				59173D8C1CF58A0B007965F9 /* LTSegmentedControl.m */,
			);
			name = LTSegmentControl;
			sourceTree = "<group>";
		};
/* End PBXGroup section */

/* Begin PBXNativeTarget section */
		59A92BAF1C23DA4E000B08C9 /* LTSegmentControl */ = {
			isa = PBXNativeTarget;
			buildConfigurationList = 59A92BDD1C23DA4F000B08C9 /* Build configuration list for PBXNativeTarget "LTSegmentControl" */;
			buildPhases = (
				59A92BAC1C23DA4E000B08C9 /* Sources */,
				59A92BAD1C23DA4E000B08C9 /* Frameworks */,
				59A92BAE1C23DA4E000B08C9 /* Resources */,
			);
			buildRules = (
			);
			dependencies = (
			);
			name = LTSegmentControl;
			productName = LTSegmentControl;
			productReference = 59A92BB01C23DA4E000B08C9 /* LTSegmentControl.app */;
			productType = "com.apple.product-type.application";
		};
		59A92BC81C23DA4F000B08C9 /* LTSegmentControlTests */ = {
			isa = PBXNativeTarget;
			buildConfigurationList = 59A92BE01C23DA4F000B08C9 /* Build configuration list for PBXNativeTarget "LTSegmentControlTests" */;
			buildPhases = (
				59A92BC51C23DA4F000B08C9 /* Sources */,
				59A92BC61C23DA4F000B08C9 /* Frameworks */,
				59A92BC71C23DA4F000B08C9 /* Resources */,
			);
			buildRules = (
			);
			dependencies = (
				59A92BCB1C23DA4F000B08C9 /* PBXTargetDependency */,
			);
			name = LTSegmentControlTests;
			productName = LTSegmentControlTests;
			productReference = 59A92BC91C23DA4F000B08C9 /* LTSegmentControlTests.xctest */;
			productType = "com.apple.product-type.bundle.unit-test";
		};
		59A92BD31C23DA4F000B08C9 /* LTSegmentControlUITests */ = {
			isa = PBXNativeTarget;
			buildConfigurationList = 59A92BE31C23DA4F000B08C9 /* Build configuration list for PBXNativeTarget "LTSegmentControlUITests" */;
			buildPhases = (
				59A92BD01C23DA4F000B08C9 /* Sources */,
				59A92BD11C23DA4F000B08C9 /* Frameworks */,
				59A92BD21C23DA4F000B08C9 /* Resources */,
			);
			buildRules = (
			);
			dependencies = (
				59A92BD61C23DA4F000B08C9 /* PBXTargetDependency */,
			);
			name = LTSegmentControlUITests;
			productName = LTSegmentControlUITests;
			productReference = 59A92BD41C23DA4F000B08C9 /* LTSegmentControlUITests.xctest */;
			productType = "com.apple.product-type.bundle.ui-testing";
		};
/* End PBXNativeTarget section */

/* Begin PBXProject section */
		59A92BA81C23DA4E000B08C9 /* Project object */ = {
			isa = PBXProject;
			attributes = {
				LastUpgradeCheck = 0720;
				ORGANIZATIONNAME = "lemon tree";
				TargetAttributes = {
					59A92BAF1C23DA4E000B08C9 = {
						CreatedOnToolsVersion = 7.2;
					};
					59A92BC81C23DA4F000B08C9 = {
						CreatedOnToolsVersion = 7.2;
						TestTargetID = 59A92BAF1C23DA4E000B08C9;
					};
					59A92BD31C23DA4F000B08C9 = {
						CreatedOnToolsVersion = 7.2;
						TestTargetID = 59A92BAF1C23DA4E000B08C9;
					};
				};
			};
			buildConfigurationList = 59A92BAB1C23DA4E000B08C9 /* Build configuration list for PBXProject "LTSegmentControl" */;
			compatibilityVersion = "Xcode 3.2";
			developmentRegion = English;
			hasScannedForEncodings = 0;
			knownRegions = (
				en,
				Base,
			);
			mainGroup = 59A92BA71C23DA4E000B08C9;
			productRefGroup = 59A92BB11C23DA4E000B08C9 /* Products */;
			projectDirPath = "";
			projectRoot = "";
			targets = (
				59A92BAF1C23DA4E000B08C9 /* LTSegmentControl */,
				59A92BC81C23DA4F000B08C9 /* LTSegmentControlTests */,
				59A92BD31C23DA4F000B08C9 /* LTSegmentControlUITests */,
			);
		};
/* End PBXProject section */

/* Begin PBXResourcesBuildPhase section */
		59A92BAE1C23DA4E000B08C9 /* Resources */ = {
			isa = PBXResourcesBuildPhase;
			buildActionMask = 2147483647;
			files = (
				597FFC231C23E02600F4BB28 /* Main.storyboard in Resources */,
				59A92BC31C23DA4F000B08C9 /* LaunchScreen.storyboard in Resources */,
				59A92BC01C23DA4F000B08C9 /* Assets.xcassets in Resources */,
			);
			runOnlyForDeploymentPostprocessing = 0;
		};
		59A92BC71C23DA4F000B08C9 /* Resources */ = {
			isa = PBXResourcesBuildPhase;
			buildActionMask = 2147483647;
			files = (
			);
			runOnlyForDeploymentPostprocessing = 0;
		};
		59A92BD21C23DA4F000B08C9 /* Resources */ = {
			isa = PBXResourcesBuildPhase;
			buildActionMask = 2147483647;
			files = (
			);
			runOnlyForDeploymentPostprocessing = 0;
		};
/* End PBXResourcesBuildPhase section */

/* Begin PBXSourcesBuildPhase section */
		59A92BAC1C23DA4E000B08C9 /* Sources */ = {
			isa = PBXSourcesBuildPhase;
			buildActionMask = 2147483647;
			files = (
				59173D8D1CF58A0B007965F9 /* LTSegmentedControl.m in Sources */,
				59A92BBB1C23DA4F000B08C9 /* ViewController.m in Sources */,
				59A92BB81C23DA4E000B08C9 /* AppDelegate.m in Sources */,
				59A92BB51C23DA4E000B08C9 /* main.m in Sources */,
			);
			runOnlyForDeploymentPostprocessing = 0;
		};
		59A92BC51C23DA4F000B08C9 /* Sources */ = {
			isa = PBXSourcesBuildPhase;
			buildActionMask = 2147483647;
			files = (
				59A92BCE1C23DA4F000B08C9 /* LTSegmentControlTests.m in Sources */,
			);
			runOnlyForDeploymentPostprocessing = 0;
		};
		59A92BD01C23DA4F000B08C9 /* Sources */ = {
			isa = PBXSourcesBuildPhase;
			buildActionMask = 2147483647;
			files = (
				59A92BD91C23DA4F000B08C9 /* LTSegmentControlUITests.m in Sources */,
			);
			runOnlyForDeploymentPostprocessing = 0;
		};
/* End PBXSourcesBuildPhase section */

/* Begin PBXTargetDependency section */
		59A92BCB1C23DA4F000B08C9 /* PBXTargetDependency */ = {
			isa = PBXTargetDependency;
			target = 59A92BAF1C23DA4E000B08C9 /* LTSegmentControl */;
			targetProxy = 59A92BCA1C23DA4F000B08C9 /* PBXContainerItemProxy */;
		};
		59A92BD61C23DA4F000B08C9 /* PBXTargetDependency */ = {
			isa = PBXTargetDependency;
			target = 59A92BAF1C23DA4E000B08C9 /* LTSegmentControl */;
			targetProxy = 59A92BD51C23DA4F000B08C9 /* PBXContainerItemProxy */;
		};
/* End PBXTargetDependency section */

/* Begin PBXVariantGroup section */
		597FFC211C23E02600F4BB28 /* Main.storyboard */ = {
			isa = PBXVariantGroup;
			children = (
				597FFC221C23E02600F4BB28 /* Base */,
			);
			name = Main.storyboard;
			sourceTree = "<group>";
		};
		59A92BC11C23DA4F000B08C9 /* LaunchScreen.storyboard */ = {
			isa = PBXVariantGroup;
			children = (
				59A92BC21C23DA4F000B08C9 /* Base */,
			);
			name = LaunchScreen.storyboard;
			sourceTree = "<group>";
		};
/* End PBXVariantGroup section */

/* Begin XCBuildConfiguration section */
		59A92BDB1C23DA4F000B08C9 /* Debug */ = {
			isa = XCBuildConfiguration;
			buildSettings = {
				ALWAYS_SEARCH_USER_PATHS = NO;
				CLANG_CXX_LANGUAGE_STANDARD = "gnu++0x";
				CLANG_CXX_LIBRARY = "libc++";
				CLANG_ENABLE_MODULES = YES;
				CLANG_ENABLE_OBJC_ARC = YES;
				CLANG_WARN_BOOL_CONVERSION = YES;
				CLANG_WARN_CONSTANT_CONVERSION = YES;
				CLANG_WARN_DIRECT_OBJC_ISA_USAGE = YES_ERROR;
				CLANG_WARN_EMPTY_BODY = YES;
				CLANG_WARN_ENUM_CONVERSION = YES;
				CLANG_WARN_INT_CONVERSION = YES;
				CLANG_WARN_OBJC_ROOT_CLASS = YES_ERROR;
				CLANG_WARN_UNREACHABLE_CODE = YES;
				CLANG_WARN__DUPLICATE_METHOD_MATCH = YES;
				"CODE_SIGN_IDENTITY[sdk=iphoneos*]" = "iPhone Developer";
				COPY_PHASE_STRIP = NO;
				DEBUG_INFORMATION_FORMAT = dwarf;
				ENABLE_STRICT_OBJC_MSGSEND = YES;
				ENABLE_TESTABILITY = YES;
				GCC_C_LANGUAGE_STANDARD = gnu99;
				GCC_DYNAMIC_NO_PIC = NO;
				GCC_NO_COMMON_BLOCKS = YES;
				GCC_OPTIMIZATION_LEVEL = 0;
				GCC_PREPROCESSOR_DEFINITIONS = (
					"DEBUG=1",
					"$(inherited)",
				);
				GCC_WARN_64_TO_32_BIT_CONVERSION = YES;
				GCC_WARN_ABOUT_RETURN_TYPE = YES_ERROR;
				GCC_WARN_UNDECLARED_SELECTOR = YES;
				GCC_WARN_UNINITIALIZED_AUTOS = YES_AGGRESSIVE;
				GCC_WARN_UNUSED_FUNCTION = YES;
				GCC_WARN_UNUSED_VARIABLE = YES;
				IPHONEOS_DEPLOYMENT_TARGET = 9.2;
				MTL_ENABLE_DEBUG_INFO = YES;
				ONLY_ACTIVE_ARCH = YES;
				SDKROOT = iphoneos;
			};
			name = Debug;
		};
		59A92BDC1C23DA4F000B08C9 /* Release */ = {
			isa = XCBuildConfiguration;
			buildSettings = {
				ALWAYS_SEARCH_USER_PATHS = NO;
				CLANG_CXX_LANGUAGE_STANDARD = "gnu++0x";
				CLANG_CXX_LIBRARY = "libc++";
				CLANG_ENABLE_MODULES = YES;
				CLANG_ENABLE_OBJC_ARC = YES;
				CLANG_WARN_BOOL_CONVERSION = YES;
				CLANG_WARN_CONSTANT_CONVERSION = YES;
				CLANG_WARN_DIRECT_OBJC_ISA_USAGE = YES_ERROR;
				CLANG_WARN_EMPTY_BODY = YES;
				CLANG_WARN_ENUM_CONVERSION = YES;
				CLANG_WARN_INT_CONVERSION = YES;
				CLANG_WARN_OBJC_ROOT_CLASS = YES_ERROR;
				CLANG_WARN_UNREACHABLE_CODE = YES;
				CLANG_WARN__DUPLICATE_METHOD_MATCH = YES;
				"CODE_SIGN_IDENTITY[sdk=iphoneos*]" = "iPhone Developer";
				COPY_PHASE_STRIP = NO;
				DEBUG_INFORMATION_FORMAT = "dwarf-with-dsym";
				ENABLE_NS_ASSERTIONS = NO;
				ENABLE_STRICT_OBJC_MSGSEND = YES;
				GCC_C_LANGUAGE_STANDARD = gnu99;
				GCC_NO_COMMON_BLOCKS = YES;
				GCC_WARN_64_TO_32_BIT_CONVERSION = YES;
				GCC_WARN_ABOUT_RETURN_TYPE = YES_ERROR;
				GCC_WARN_UNDECLARED_SELECTOR = YES;
				GCC_WARN_UNINITIALIZED_AUTOS = YES_AGGRESSIVE;
				GCC_WARN_UNUSED_FUNCTION = YES;
				GCC_WARN_UNUSED_VARIABLE = YES;
				IPHONEOS_DEPLOYMENT_TARGET = 9.2;
				MTL_ENABLE_DEBUG_INFO = NO;
				SDKROOT = iphoneos;
				VALIDATE_PRODUCT = YES;
			};
			name = Release;
		};
		59A92BDE1C23DA4F000B08C9 /* Debug */ = {
			isa = XCBuildConfiguration;
			buildSettings = {
				ASSETCATALOG_COMPILER_APPICON_NAME = AppIcon;
				INFOPLIST_FILE = LTSegmentControl/Info.plist;
				IPHONEOS_DEPLOYMENT_TARGET = 7.0;
				LD_RUNPATH_SEARCH_PATHS = "$(inherited) @executable_path/Frameworks";
				PRODUCT_BUNDLE_IDENTIFIER = com.lemontree.segmentControl.LTSegmentControl;
				PRODUCT_NAME = "$(TARGET_NAME)";
			};
			name = Debug;
		};
		59A92BDF1C23DA4F000B08C9 /* Release */ = {
			isa = XCBuildConfiguration;
			buildSettings = {
				ASSETCATALOG_COMPILER_APPICON_NAME = AppIcon;
				INFOPLIST_FILE = LTSegmentControl/Info.plist;
				IPHONEOS_DEPLOYMENT_TARGET = 7.0;
				LD_RUNPATH_SEARCH_PATHS = "$(inherited) @executable_path/Frameworks";
				PRODUCT_BUNDLE_IDENTIFIER = com.lemontree.segmentControl.LTSegmentControl;
				PRODUCT_NAME = "$(TARGET_NAME)";
			};
			name = Release;
		};
		59A92BE11C23DA4F000B08C9 /* Debug */ = {
			isa = XCBuildConfiguration;
			buildSettings = {
				BUNDLE_LOADER = "$(TEST_HOST)";
				INFOPLIST_FILE = LTSegmentControlTests/Info.plist;
				LD_RUNPATH_SEARCH_PATHS = "$(inherited) @executable_path/Frameworks @loader_path/Frameworks";
				PRODUCT_BUNDLE_IDENTIFIER = com.lemontree.segmentControl.LTSegmentControlTests;
				PRODUCT_NAME = "$(TARGET_NAME)";
				TEST_HOST = "$(BUILT_PRODUCTS_DIR)/LTSegmentControl.app/LTSegmentControl";
			};
			name = Debug;
		};
		59A92BE21C23DA4F000B08C9 /* Release */ = {
			isa = XCBuildConfiguration;
			buildSettings = {
				BUNDLE_LOADER = "$(TEST_HOST)";
				INFOPLIST_FILE = LTSegmentControlTests/Info.plist;
				LD_RUNPATH_SEARCH_PATHS = "$(inherited) @executable_path/Frameworks @loader_path/Frameworks";
				PRODUCT_BUNDLE_IDENTIFIER = com.lemontree.segmentControl.LTSegmentControlTests;
				PRODUCT_NAME = "$(TARGET_NAME)";
				TEST_HOST = "$(BUILT_PRODUCTS_DIR)/LTSegmentControl.app/LTSegmentControl";
			};
			name = Release;
		};
		59A92BE41C23DA4F000B08C9 /* Debug */ = {
			isa = XCBuildConfiguration;
			buildSettings = {
				INFOPLIST_FILE = LTSegmentControlUITests/Info.plist;
				LD_RUNPATH_SEARCH_PATHS = "$(inherited) @executable_path/Frameworks @loader_path/Frameworks";
				PRODUCT_BUNDLE_IDENTIFIER = com.lemontree.segmentControl.LTSegmentControlUITests;
				PRODUCT_NAME = "$(TARGET_NAME)";
				TEST_TARGET_NAME = LTSegmentControl;
				USES_XCTRUNNER = YES;
			};
			name = Debug;
		};
		59A92BE51C23DA4F000B08C9 /* Release */ = {
			isa = XCBuildConfiguration;
			buildSettings = {
				INFOPLIST_FILE = LTSegmentControlUITests/Info.plist;
				LD_RUNPATH_SEARCH_PATHS = "$(inherited) @executable_path/Frameworks @loader_path/Frameworks";
				PRODUCT_BUNDLE_IDENTIFIER = com.lemontree.segmentControl.LTSegmentControlUITests;
				PRODUCT_NAME = "$(TARGET_NAME)";
				TEST_TARGET_NAME = LTSegmentControl;
				USES_XCTRUNNER = YES;
			};
			name = Release;
		};
/* End XCBuildConfiguration section */

/* Begin XCConfigurationList section */
		59A92BAB1C23DA4E000B08C9 /* Build configuration list for PBXProject "LTSegmentControl" */ = {
			isa = XCConfigurationList;
			buildConfigurations = (
				59A92BDB1C23DA4F000B08C9 /* Debug */,
				59A92BDC1C23DA4F000B08C9 /* Release */,
			);
			defaultConfigurationIsVisible = 0;
			defaultConfigurationName = Release;
		};
		59A92BDD1C23DA4F000B08C9 /* Build configuration list for PBXNativeTarget "LTSegmentControl" */ = {
			isa = XCConfigurationList;
			buildConfigurations = (
				59A92BDE1C23DA4F000B08C9 /* Debug */,
				59A92BDF1C23DA4F000B08C9 /* Release */,
			);
			defaultConfigurationIsVisible = 0;
			defaultConfigurationName = Release;
		};
		59A92BE01C23DA4F000B08C9 /* Build configuration list for PBXNativeTarget "LTSegmentControlTests" */ = {
			isa = XCConfigurationList;
			buildConfigurations = (
				59A92BE11C23DA4F000B08C9 /* Debug */,
				59A92BE21C23DA4F000B08C9 /* Release */,
			);
			defaultConfigurationIsVisible = 0;
			defaultConfigurationName = Release;
		};
		59A92BE31C23DA4F000B08C9 /* Build configuration list for PBXNativeTarget "LTSegmentControlUITests" */ = {
			isa = XCConfigurationList;
			buildConfigurations = (
				59A92BE41C23DA4F000B08C9 /* Debug */,
				59A92BE51C23DA4F000B08C9 /* Release */,
			);
			defaultConfigurationIsVisible = 0;
			defaultConfigurationName = Release;
		};
/* End XCConfigurationList section */
	};
	rootObject = 59A92BA81C23DA4E000B08C9 /* Project object */;
}
